
Microsoft Visual Studio Solution File, Format Version 12.00
# Visual Studio 15
VisualStudioVersion = 15.0.28307.168
MinimumVisualStudioVersion = 10.0.40219.1
Project("{FAE04EC0-301F-11D3-BF4B-00C04F79EFBC}") = "StarTravel", "StarTravel\StarTravel.csproj", "{7F6C28CE-B3DD-467F-8567-84F8DFE1EC8E}"
EndProject
Project("{FAE04EC0-301F-11D3-BF4B-00C04F79EFBC}") = "TrainingLinq", "TrainingLinq\TrainingLinq.csproj", "{89FDD03E-C077-487D-8109-2443D3BAD3CD}"
EndProject
Global
	GlobalSection(SolutionConfigurationPlatforms) = preSolution
		Debug|Any CPU = Debug|Any CPU
		Release|Any CPU = Release|Any CPU
	EndGlobalSection
	GlobalSection(ProjectConfigurationPlatforms) = postSolution
		{7F6C28CE-B3DD-467F-8567-84F8DFE1EC8E}.Debug|Any CPU.ActiveCfg = Debug|Any CPU
		{7F6C28CE-B3DD-467F-8567-84F8DFE1EC8E}.Debug|Any CPU.Build.0 = Debug|Any CPU
		{7F6C28CE-B3DD-467F-8567-84F8DFE1EC8E}.Release|Any CPU.ActiveCfg = Release|Any CPU
		{7F6C28CE-B3DD-467F-8567-84F8DFE1EC8E}.Release|Any CPU.Build.0 = Release|Any CPU
		{89FDD03E-C077-487D-8109-2443D3BAD3CD}.Debug|Any CPU.ActiveCfg = Debug|Any CPU
		{89FDD03E-C077-487D-8109-2443D3BAD3CD}.Debug|Any CPU.Build.0 = Debug|Any CPU
		{89FDD03E-C077-487D-8109-2443D3BAD3CD}.Release|Any CPU.ActiveCfg = Release|Any CPU
		{89FDD03E-C077-487D-8109-2443D3BAD3CD}.Release|Any CPU.Build.0 = Release|Any CPU
	EndGlobalSection
	GlobalSection(SolutionProperties) = preSolution
		HideSolutionNode = FALSE
	EndGlobalSection
	GlobalSection(ExtensibilityGlobals) = postSolution
		SolutionGuid = {BAAE4FE5-6E36-491A-9A5A-ED7E16464CF4}
	EndGlobalSection
EndGlobal
